{
  "object": {
    "pins": [
      {
        "package": "combine-schedulers",
        "repositoryURL": "https://github.com/pointfreeco/combine-schedulers",
        "state": {
          "branch": null,
          "revision": "ff42ec9061d864de7982162011321d3df5080c10",
          "version": "0.1.2"
        }
      },
      {
        "package": "FetchImage",
        "repositoryURL": "https://github.com/kean/FetchImage.git",
        "state": {
          "branch": null,
          "revision": "b9ea4f9f97a4bc9fde452cea277d25d0a4f8f6df",
          "version": "0.2.1"
        }
      },
      {
        "package": "Nuke",
        "repositoryURL": "https://github.com/kean/Nuke.git",
        "state": {
          "branch": null,
          "revision": "998588c80611e4fe9b71dd4323fa938ee62f4ff7",
          "version": "9.1.1"
        }
      },
      {
        "package": "swift-case-paths",
        "repositoryURL": "https://github.com/pointfreeco/swift-case-paths",
        "state": {
          "branch": null,
          "revision": "ed1838ab4fa5d47db8aa640736dd5b7672548873",
          "version": "0.1.2"
        }
      },
      {
        "package": "swift-composable-architecture",
        "repositoryURL": "https://github.com/pointfreeco/swift-composable-architecture.git",
        "state": {
          "branch": null,
          "revision": "7f482acbf4c108655ae269a6445831ce1890762e",
          "version": "0.7.0"
        }
      }
    ]
  },
  "version": 1
}
